
Microsoft Visual Studio Solution File, Format Version 12.00
Project("{2150E333-8FDC-42A3-9474-1A3956D46DE8}") = "Gui", "Gui", "{1239A3A2-2F7B-435D-AB7F-768F86091B77}"
EndProject
Project("{FAE04EC0-301F-11D3-BF4B-00C04F79EFBC}") = "Gui", "src\Gui\Gui.csproj", "{D7E27434-B20F-426C-B053-93DFEDCFC7A4}"
EndProject
Project("{2150E333-8FDC-42A3-9474-1A3956D46DE8}") = "Solution Items", "Solution Items", "{11A5D6A7-F594-4C8F-B8E6-6085188E89A9}"
	ProjectSection(SolutionItems) = preProject
		docker-compose.yml = docker-compose.yml
	EndProjectSection
EndProject
Project("{2150E333-8FDC-42A3-9474-1A3956D46DE8}") = "Shared kernel", "Shared kernel", "{B0C27E7A-7FF2-4F03-8BEA-8C46DC36C0AD}"
EndProject
Project("{FAE04EC0-301F-11D3-BF4B-00C04F79EFBC}") = "SharedKernel", "src\SharedKernel\SharedKernel.csproj", "{2565F37B-DFFC-4D36-BD83-011068829C24}"
EndProject
Project("{2150E333-8FDC-42A3-9474-1A3956D46DE8}") = "Organization", "Organization", "{1F35451B-3AA8-4489-82F2-85A418906099}"
EndProject
Project("{FAE04EC0-301F-11D3-BF4B-00C04F79EFBC}") = "Organization", "src\Organization\Organization.csproj", "{24384CD0-B6D1-4FBF-A48B-D8BB2C5515DF}"
EndProject
Global
	GlobalSection(SolutionConfigurationPlatforms) = preSolution
		Debug|Any CPU = Debug|Any CPU
		Release|Any CPU = Release|Any CPU
	EndGlobalSection
	GlobalSection(NestedProjects) = preSolution
		{D7E27434-B20F-426C-B053-93DFEDCFC7A4} = {1239A3A2-2F7B-435D-AB7F-768F86091B77}
		{2565F37B-DFFC-4D36-BD83-011068829C24} = {B0C27E7A-7FF2-4F03-8BEA-8C46DC36C0AD}
		{24384CD0-B6D1-4FBF-A48B-D8BB2C5515DF} = {1F35451B-3AA8-4489-82F2-85A418906099}
	EndGlobalSection
	GlobalSection(ProjectConfigurationPlatforms) = postSolution
		{D7E27434-B20F-426C-B053-93DFEDCFC7A4}.Debug|Any CPU.ActiveCfg = Debug|Any CPU
		{D7E27434-B20F-426C-B053-93DFEDCFC7A4}.Debug|Any CPU.Build.0 = Debug|Any CPU
		{D7E27434-B20F-426C-B053-93DFEDCFC7A4}.Release|Any CPU.ActiveCfg = Release|Any CPU
		{D7E27434-B20F-426C-B053-93DFEDCFC7A4}.Release|Any CPU.Build.0 = Release|Any CPU
		{2565F37B-DFFC-4D36-BD83-011068829C24}.Debug|Any CPU.ActiveCfg = Debug|Any CPU
		{2565F37B-DFFC-4D36-BD83-011068829C24}.Debug|Any CPU.Build.0 = Debug|Any CPU
		{2565F37B-DFFC-4D36-BD83-011068829C24}.Release|Any CPU.ActiveCfg = Release|Any CPU
		{2565F37B-DFFC-4D36-BD83-011068829C24}.Release|Any CPU.Build.0 = Release|Any CPU
		{24384CD0-B6D1-4FBF-A48B-D8BB2C5515DF}.Debug|Any CPU.ActiveCfg = Debug|Any CPU
		{24384CD0-B6D1-4FBF-A48B-D8BB2C5515DF}.Debug|Any CPU.Build.0 = Debug|Any CPU
		{24384CD0-B6D1-4FBF-A48B-D8BB2C5515DF}.Release|Any CPU.ActiveCfg = Release|Any CPU
		{24384CD0-B6D1-4FBF-A48B-D8BB2C5515DF}.Release|Any CPU.Build.0 = Release|Any CPU
	EndGlobalSection
EndGlobal
